
Microsoft Visual Studio Solution File, Format Version 12.00
# Visual Studio 2012
Project("{FAE04EC0-301F-11D3-BF4B-00C04F79EFBC}") = "SocialBanksWeb", "SocialBanksWeb\SocialBanksWeb.csproj", "{C509222D-C7DB-417B-9C26-900C6777C8F4}"
EndProject
Project("{FAE04EC0-301F-11D3-BF4B-00C04F79EFBC}") = "UnitTests", "UnitTests\UnitTests.csproj", "{007323DA-C009-42F6-9EE0-1DB6B3A54552}"
EndProject
Global
	GlobalSection(SolutionConfigurationPlatforms) = preSolution
		Debug|Any CPU = Debug|Any CPU
		Release|Any CPU = Release|Any CPU
	EndGlobalSection
	GlobalSection(ProjectConfigurationPlatforms) = postSolution
		{C509222D-C7DB-417B-9C26-900C6777C8F4}.Debug|Any CPU.ActiveCfg = Debug|Any CPU
		{C509222D-C7DB-417B-9C26-900C6777C8F4}.Debug|Any CPU.Build.0 = Debug|Any CPU
		{C509222D-C7DB-417B-9C26-900C6777C8F4}.Release|Any CPU.ActiveCfg = Release|Any CPU
		{C509222D-C7DB-417B-9C26-900C6777C8F4}.Release|Any CPU.Build.0 = Release|Any CPU
		{007323DA-C009-42F6-9EE0-1DB6B3A54552}.Debug|Any CPU.ActiveCfg = Debug|Any CPU
		{007323DA-C009-42F6-9EE0-1DB6B3A54552}.Debug|Any CPU.Build.0 = Debug|Any CPU
		{007323DA-C009-42F6-9EE0-1DB6B3A54552}.Release|Any CPU.ActiveCfg = Release|Any CPU
		{007323DA-C009-42F6-9EE0-1DB6B3A54552}.Release|Any CPU.Build.0 = Release|Any CPU
	EndGlobalSection
	GlobalSection(SolutionProperties) = preSolution
		HideSolutionNode = FALSE
	EndGlobalSection
EndGlobal
